<?xml version="1.0" encoding="UTF-8"?>
<!DOCTYPE plist PUBLIC "-//Apple//DTD PLIST 1.0//EN" "http://www.apple.com/DTDs/PropertyList-1.0.dtd">
<plist version="1.0">
<dict>
	<key>archiveVersion</key>
	<string>1</string>
	<key>classes</key>
	<dict/>
	<key>objectVersion</key>
	<string>46</string>
	<key>objects</key>
	<dict>
		<key>10EF4FA1576840DEBC252B9C</key>
		<dict>
			<key>includeInIndex</key>
			<string>1</string>
			<key>isa</key>
			<string>PBXFileReference</string>
			<key>lastKnownFileType</key>
			<string>text.xcconfig</string>
			<key>name</key>
			<string>Pods.xcconfig</string>
			<key>path</key>
			<string>Pods/Pods.xcconfig</string>
			<key>sourceTree</key>
			<string>&lt;group&gt;</string>
		</dict>
		<key>1815681E18EE7EA000CD9E12</key>
		<dict>
			<key>children</key>
			<array>
				<string>1815681F18EE7EA000CD9E12</string>
				<string>1815682018EE7EA000CD9E12</string>
				<string>1815682118EE7EA000CD9E12</string>
				<string>1815682218EE7EA000CD9E12</string>
			</array>
			<key>isa</key>
			<string>PBXGroup</string>
			<key>path</key>
			<string>operations</string>
			<key>sourceTree</key>
			<string>&lt;group&gt;</string>
		</dict>
		<key>1815681F18EE7EA000CD9E12</key>
		<dict>
			<key>fileEncoding</key>
			<string>4</string>
			<key>isa</key>
			<string>PBXFileReference</string>
			<key>lastKnownFileType</key>
			<string>sourcecode.c.h</string>
			<key>path</key>
			<string>DMImageDownloadOperation.h</string>
			<key>sourceTree</key>
			<string>&lt;group&gt;</string>
		</dict>
		<key>1815682018EE7EA000CD9E12</key>
		<dict>
			<key>fileEncoding</key>
			<string>4</string>
			<key>isa</key>
			<string>PBXFileReference</string>
			<key>lastKnownFileType</key>
			<string>sourcecode.c.objc</string>
			<key>path</key>
			<string>DMImageDownloadOperation.m</string>
			<key>sourceTree</key>
			<string>&lt;group&gt;</string>
		</dict>
		<key>1815682118EE7EA000CD9E12</key>
		<dict>
			<key>fileEncoding</key>
			<string>4</string>
			<key>isa</key>
			<string>PBXFileReference</string>
			<key>lastKnownFileType</key>
			<string>sourcecode.c.h</string>
			<key>path</key>
			<string>DMImageOperation.h</string>
			<key>sourceTree</key>
			<string>&lt;group&gt;</string>
		</dict>
		<key>1815682218EE7EA000CD9E12</key>
		<dict>
			<key>fileEncoding</key>
			<string>4</string>
			<key>isa</key>
			<string>PBXFileReference</string>
			<key>lastKnownFileType</key>
			<string>sourcecode.c.objc</string>
			<key>path</key>
			<string>DMImageOperation.m</string>
			<key>sourceTree</key>
			<string>&lt;group&gt;</string>
		</dict>
		<key>1815682318EE7EA000CD9E12</key>
		<dict>
			<key>fileRef</key>
			<string>1815682018EE7EA000CD9E12</string>
			<key>isa</key>
			<string>PBXBuildFile</string>
		</dict>
		<key>1815682418EE7EA000CD9E12</key>
		<dict>
			<key>fileRef</key>
			<string>1815682218EE7EA000CD9E12</string>
			<key>isa</key>
			<string>PBXBuildFile</string>
		</dict>
		<key>1815682518EE7EBA00CD9E12</key>
		<dict>
			<key>children</key>
			<array>
				<string>1815682618EE7EBA00CD9E12</string>
				<string>1815682718EE7EBA00CD9E12</string>
			</array>
			<key>isa</key>
			<string>PBXGroup</string>
			<key>path</key>
			<string>cacheManager</string>
			<key>sourceTree</key>
			<string>&lt;group&gt;</string>
		</dict>
		<key>1815682618EE7EBA00CD9E12</key>
		<dict>
			<key>fileEncoding</key>
			<string>4</string>
			<key>isa</key>
			<string>PBXFileReference</string>
			<key>lastKnownFileType</key>
			<string>sourcecode.c.h</string>
			<key>path</key>
			<string>DMImageCacheManager.h</string>
			<key>sourceTree</key>
			<string>&lt;group&gt;</string>
		</dict>
		<key>1815682718EE7EBA00CD9E12</key>
		<dict>
			<key>fileEncoding</key>
			<string>4</string>
			<key>isa</key>
			<string>PBXFileReference</string>
			<key>lastKnownFileType</key>
			<string>sourcecode.c.objc</string>
			<key>path</key>
			<string>DMImageCacheManager.m</string>
			<key>sourceTree</key>
			<string>&lt;group&gt;</string>
		</dict>
		<key>1815682818EE7EBA00CD9E12</key>
		<dict>
			<key>fileRef</key>
			<string>1815682718EE7EBA00CD9E12</string>
			<key>isa</key>
			<string>PBXBuildFile</string>
		</dict>
		<key>1822A35918AB746E000F6AB8</key>
		<dict>
			<key>children</key>
			<array>
				<string>1822A35A18AB746E000F6AB8</string>
				<string>1822A35B18AB746E000F6AB8</string>
				<string>1822A35D18AB748E000F6AB8</string>
				<string>1822A35E18AB748E000F6AB8</string>
			</array>
			<key>isa</key>
			<string>PBXGroup</string>
			<key>path</key>
			<string>categories</string>
			<key>sourceTree</key>
			<string>&lt;group&gt;</string>
		</dict>
		<key>1822A35A18AB746E000F6AB8</key>
		<dict>
			<key>fileEncoding</key>
			<string>4</string>
			<key>isa</key>
			<string>PBXFileReference</string>
			<key>lastKnownFileType</key>
			<string>sourcecode.c.h</string>
			<key>path</key>
			<string>StandardPaths.h</string>
			<key>sourceTree</key>
			<string>&lt;group&gt;</string>
		</dict>
		<key>1822A35B18AB746E000F6AB8</key>
		<dict>
			<key>fileEncoding</key>
			<string>4</string>
			<key>isa</key>
			<string>PBXFileReference</string>
			<key>lastKnownFileType</key>
			<string>sourcecode.c.objc</string>
			<key>path</key>
			<string>StandardPaths.m</string>
			<key>sourceTree</key>
			<string>&lt;group&gt;</string>
		</dict>
		<key>1822A35C18AB746E000F6AB8</key>
		<dict>
			<key>fileRef</key>
			<string>1822A35B18AB746E000F6AB8</string>
			<key>isa</key>
			<string>PBXBuildFile</string>
		</dict>
		<key>1822A35D18AB748E000F6AB8</key>
		<dict>
			<key>fileEncoding</key>
			<string>4</string>
			<key>isa</key>
			<string>PBXFileReference</string>
			<key>lastKnownFileType</key>
			<string>sourcecode.c.h</string>
			<key>path</key>
			<string>UIImage+ImageEffects.h</string>
			<key>sourceTree</key>
			<string>&lt;group&gt;</string>
		</dict>
		<key>1822A35E18AB748E000F6AB8</key>
		<dict>
			<key>fileEncoding</key>
			<string>4</string>
			<key>isa</key>
			<string>PBXFileReference</string>
			<key>lastKnownFileType</key>
			<string>sourcecode.c.objc</string>
			<key>path</key>
			<string>UIImage+ImageEffects.m</string>
			<key>sourceTree</key>
			<string>&lt;group&gt;</string>
		</dict>
		<key>1822A35F18AB748E000F6AB8</key>
		<dict>
			<key>fileRef</key>
			<string>1822A35E18AB748E000F6AB8</string>
			<key>isa</key>
			<string>PBXBuildFile</string>
		</dict>
		<key>1822A36018AB74B1000F6AB8</key>
		<dict>
			<key>children</key>
			<array>
				<string>1822A36118AB74B1000F6AB8</string>
				<string>1822A36218AB74B1000F6AB8</string>
			</array>
			<key>isa</key>
			<string>PBXGroup</string>
			<key>path</key>
			<string>app</string>
			<key>sourceTree</key>
			<string>&lt;group&gt;</string>
		</dict>
		<key>1822A36118AB74B1000F6AB8</key>
		<dict>
			<key>fileEncoding</key>
			<string>4</string>
			<key>isa</key>
			<string>PBXFileReference</string>
			<key>lastKnownFileType</key>
			<string>sourcecode.c.h</string>
			<key>path</key>
			<string>AppDelegate.h</string>
			<key>sourceTree</key>
			<string>&lt;group&gt;</string>
		</dict>
		<key>1822A36218AB74B1000F6AB8</key>
		<dict>
			<key>fileEncoding</key>
			<string>4</string>
			<key>isa</key>
			<string>PBXFileReference</string>
			<key>lastKnownFileType</key>
			<string>sourcecode.c.objc</string>
			<key>path</key>
			<string>AppDelegate.m</string>
			<key>sourceTree</key>
			<string>&lt;group&gt;</string>
		</dict>
		<key>1822A36318AB74B1000F6AB8</key>
		<dict>
			<key>fileRef</key>
			<string>1822A36218AB74B1000F6AB8</string>
			<key>isa</key>
			<string>PBXBuildFile</string>
		</dict>
		<key>1822A36418AB74C6000F6AB8</key>
		<dict>
			<key>children</key>
			<array>
				<string>1822A36518AB74C6000F6AB8</string>
				<string>1822A36618AB74C6000F6AB8</string>
				<string>1822A36718AB74C6000F6AB8</string>
			</array>
			<key>isa</key>
			<string>PBXGroup</string>
			<key>path</key>
			<string>controllers</string>
			<key>sourceTree</key>
			<string>&lt;group&gt;</string>
		</dict>
		<key>1822A36518AB74C6000F6AB8</key>
		<dict>
			<key>fileEncoding</key>
			<string>4</string>
			<key>isa</key>
			<string>PBXFileReference</string>
			<key>lastKnownFileType</key>
			<string>sourcecode.c.h</string>
			<key>path</key>
			<string>ViewController.h</string>
			<key>sourceTree</key>
			<string>&lt;group&gt;</string>
		</dict>
		<key>1822A36618AB74C6000F6AB8</key>
		<dict>
			<key>fileEncoding</key>
			<string>4</string>
			<key>isa</key>
			<string>PBXFileReference</string>
			<key>lastKnownFileType</key>
			<string>sourcecode.c.objc</string>
			<key>path</key>
			<string>ViewController.m</string>
			<key>sourceTree</key>
			<string>&lt;group&gt;</string>
		</dict>
		<key>1822A36718AB74C6000F6AB8</key>
		<dict>
			<key>fileEncoding</key>
			<string>4</string>
			<key>isa</key>
			<string>PBXFileReference</string>
			<key>lastKnownFileType</key>
			<string>file.xib</string>
			<key>path</key>
			<string>ViewController.xib</string>
			<key>sourceTree</key>
			<string>&lt;group&gt;</string>
		</dict>
		<key>1822A36818AB74C6000F6AB8</key>
		<dict>
			<key>fileRef</key>
			<string>1822A36618AB74C6000F6AB8</string>
			<key>isa</key>
			<string>PBXBuildFile</string>
		</dict>
		<key>1822A36918AB74C6000F6AB8</key>
		<dict>
			<key>fileRef</key>
			<string>1822A36718AB74C6000F6AB8</string>
			<key>isa</key>
			<string>PBXBuildFile</string>
		</dict>
		<key>1860431C18AB75F500A24454</key>
		<dict>
			<key>isa</key>
			<string>PBXFileReference</string>
			<key>lastKnownFileType</key>
			<string>wrapper.framework</string>
			<key>name</key>
			<string>QuartzCore.framework</string>
			<key>path</key>
			<string>System/Library/Frameworks/QuartzCore.framework</string>
			<key>sourceTree</key>
			<string>SDKROOT</string>
		</dict>
		<key>1860431E18AB760500A24454</key>
		<dict>
			<key>isa</key>
			<string>PBXFileReference</string>
			<key>lastKnownFileType</key>
			<string>wrapper.framework</string>
			<key>name</key>
			<string>Accelerate.framework</string>
			<key>path</key>
			<string>System/Library/Frameworks/Accelerate.framework</string>
			<key>sourceTree</key>
			<string>SDKROOT</string>
		</dict>
		<key>1860431F18AB760500A24454</key>
		<dict>
			<key>fileRef</key>
			<string>1860431E18AB760500A24454</string>
			<key>isa</key>
			<string>PBXBuildFile</string>
		</dict>
		<key>189EAC9F17A619AA00F87CD2</key>
		<dict>
			<key>children</key>
			<array>
				<string>189EACCE17A61A0E00F87CD2</string>
				<string>189EACD717A61A4900F87CD2</string>
				<string>189EACB117A619AA00F87CD2</string>
				<string>189EACAA17A619AA00F87CD2</string>
				<string>189EACA917A619AA00F87CD2</string>
				<string>10EF4FA1576840DEBC252B9C</string>
			</array>
			<key>isa</key>
			<string>PBXGroup</string>
			<key>sourceTree</key>
			<string>&lt;group&gt;</string>
		</dict>
		<key>189EACA017A619AA00F87CD2</key>
		<dict>
			<key>attributes</key>
			<dict>
				<key>LastUpgradeCheck</key>
				<string>0460</string>
				<key>ORGANIZATIONNAME</key>
				<string>Dima Avvakumov</string>
			</dict>
			<key>buildConfigurationList</key>
			<string>189EACA317A619AA00F87CD2</string>
			<key>compatibilityVersion</key>
			<string>Xcode 3.2</string>
			<key>developmentRegion</key>
			<string>English</string>
			<key>hasScannedForEncodings</key>
			<string>0</string>
			<key>isa</key>
			<string>PBXProject</string>
			<key>knownRegions</key>
			<array>
				<string>en</string>
			</array>
			<key>mainGroup</key>
			<string>189EAC9F17A619AA00F87CD2</string>
			<key>productRefGroup</key>
			<string>189EACA917A619AA00F87CD2</string>
			<key>projectDirPath</key>
			<string></string>
			<key>projectReferences</key>
			<array/>
			<key>projectRoot</key>
			<string></string>
			<key>targets</key>
			<array>
				<string>189EACA717A619AA00F87CD2</string>
			</array>
		</dict>
		<key>189EACA317A619AA00F87CD2</key>
		<dict>
			<key>buildConfigurations</key>
			<array>
				<string>189EACC917A619AA00F87CD2</string>
				<string>189EACCA17A619AA00F87CD2</string>
			</array>
			<key>defaultConfigurationIsVisible</key>
			<string>0</string>
			<key>defaultConfigurationName</key>
			<string>Release</string>
			<key>isa</key>
			<string>XCConfigurationList</string>
		</dict>
		<key>189EACA417A619AA00F87CD2</key>
		<dict>
			<key>buildActionMask</key>
			<string>2147483647</string>
			<key>files</key>
			<array>
				<string>1822A36818AB74C6000F6AB8</string>
				<string>189EACE517A61A4900F87CD2</string>
				<string>189EACE917A61C6B00F87CD2</string>
				<string>18A625C81804715E00E4CDE9</string>
				<string>1815682818EE7EBA00CD9E12</string>
				<string>189EACEE17A61D4D00F87CD2</string>
				<string>1822A35C18AB746E000F6AB8</string>
				<string>1815682318EE7EA000CD9E12</string>
				<string>1822A35F18AB748E000F6AB8</string>
				<string>18A625C91804715E00E4CDE9</string>
				<string>1822A36318AB74B1000F6AB8</string>
				<string>1815682418EE7EA000CD9E12</string>
			</array>
			<key>isa</key>
			<string>PBXSourcesBuildPhase</string>
			<key>runOnlyForDeploymentPostprocessing</key>
			<string>0</string>
		</dict>
		<key>189EACA517A619AA00F87CD2</key>
		<dict>
			<key>buildActionMask</key>
			<string>2147483647</string>
			<key>files</key>
			<array>
				<string>1860431F18AB760500A24454</string>
				<string>189EAD1117A624A500F87CD2</string>
				<string>189EAD0F17A624A000F87CD2</string>
				<string>189EACAC17A619AA00F87CD2</string>
				<string>189EACAE17A619AA00F87CD2</string>
				<string>189EACB017A619AA00F87CD2</string>
				<string>94C0EFA75E5249059884DBEF</string>
			</array>
			<key>isa</key>
			<string>PBXFrameworksBuildPhase</string>
			<key>runOnlyForDeploymentPostprocessing</key>
			<string>0</string>
		</dict>
		<key>189EACA617A619AA00F87CD2</key>
		<dict>
			<key>buildActionMask</key>
			<string>2147483647</string>
			<key>files</key>
			<array>
				<string>189EACE017A61A4900F87CD2</string>
				<string>189EACE117A61A4900F87CD2</string>
				<string>189EACE217A61A4900F87CD2</string>
				<string>1822A36918AB74C6000F6AB8</string>
				<string>189EACE417A61A4900F87CD2</string>
			</array>
			<key>isa</key>
			<string>PBXResourcesBuildPhase</string>
			<key>runOnlyForDeploymentPostprocessing</key>
			<string>0</string>
		</dict>
		<key>189EACA717A619AA00F87CD2</key>
		<dict>
			<key>buildConfigurationList</key>
			<string>189EACCB17A619AA00F87CD2</string>
			<key>buildPhases</key>
			<array>
				<string>FAA6559ECB2B44EDB42904A4</string>
				<string>189EACA417A619AA00F87CD2</string>
				<string>189EACA517A619AA00F87CD2</string>
				<string>189EACA617A619AA00F87CD2</string>
				<string>70480A5F39FC413998E3DB34</string>
			</array>
			<key>buildRules</key>
			<array/>
			<key>dependencies</key>
			<array/>
			<key>isa</key>
			<string>PBXNativeTarget</string>
			<key>name</key>
			<string>DMImageManager</string>
			<key>productName</key>
			<string>DMImageManager</string>
			<key>productReference</key>
			<string>189EACA817A619AA00F87CD2</string>
			<key>productType</key>
			<string>com.apple.product-type.application</string>
		</dict>
		<key>189EACA817A619AA00F87CD2</key>
		<dict>
			<key>explicitFileType</key>
			<string>wrapper.application</string>
			<key>includeInIndex</key>
			<string>0</string>
			<key>isa</key>
			<string>PBXFileReference</string>
			<key>path</key>
			<string>DMImageManager.app</string>
			<key>sourceTree</key>
			<string>BUILT_PRODUCTS_DIR</string>
		</dict>
		<key>189EACA917A619AA00F87CD2</key>
		<dict>
			<key>children</key>
			<array>
				<string>189EACA817A619AA00F87CD2</string>
			</array>
			<key>isa</key>
			<string>PBXGroup</string>
			<key>name</key>
			<string>Products</string>
			<key>sourceTree</key>
			<string>&lt;group&gt;</string>
		</dict>
		<key>189EACAA17A619AA00F87CD2</key>
		<dict>
			<key>children</key>
			<array>
				<string>1860431E18AB760500A24454</string>
				<string>1860431C18AB75F500A24454</string>
				<string>189EAD1017A624A500F87CD2</string>
				<string>189EAD0E17A624A000F87CD2</string>
				<string>189EACAB17A619AA00F87CD2</string>
				<string>189EACAD17A619AA00F87CD2</string>
				<string>189EACAF17A619AA00F87CD2</string>
				<string>9396E9D8A15343D1AD41F132</string>
			</array>
			<key>isa</key>
			<string>PBXGroup</string>
			<key>name</key>
			<string>Frameworks</string>
			<key>sourceTree</key>
			<string>&lt;group&gt;</string>
		</dict>
		<key>189EACAB17A619AA00F87CD2</key>
		<dict>
			<key>isa</key>
			<string>PBXFileReference</string>
			<key>lastKnownFileType</key>
			<string>wrapper.framework</string>
			<key>name</key>
			<string>UIKit.framework</string>
			<key>path</key>
			<string>System/Library/Frameworks/UIKit.framework</string>
			<key>sourceTree</key>
			<string>SDKROOT</string>
		</dict>
		<key>189EACAC17A619AA00F87CD2</key>
		<dict>
			<key>fileRef</key>
			<string>189EACAB17A619AA00F87CD2</string>
			<key>isa</key>
			<string>PBXBuildFile</string>
		</dict>
		<key>189EACAD17A619AA00F87CD2</key>
		<dict>
			<key>isa</key>
			<string>PBXFileReference</string>
			<key>lastKnownFileType</key>
			<string>wrapper.framework</string>
			<key>name</key>
			<string>Foundation.framework</string>
			<key>path</key>
			<string>System/Library/Frameworks/Foundation.framework</string>
			<key>sourceTree</key>
			<string>SDKROOT</string>
		</dict>
		<key>189EACAE17A619AA00F87CD2</key>
		<dict>
			<key>fileRef</key>
			<string>189EACAD17A619AA00F87CD2</string>
			<key>isa</key>
			<string>PBXBuildFile</string>
		</dict>
		<key>189EACAF17A619AA00F87CD2</key>
		<dict>
			<key>isa</key>
			<string>PBXFileReference</string>
			<key>lastKnownFileType</key>
			<string>wrapper.framework</string>
			<key>name</key>
			<string>CoreGraphics.framework</string>
			<key>path</key>
			<string>System/Library/Frameworks/CoreGraphics.framework</string>
			<key>sourceTree</key>
			<string>SDKROOT</string>
		</dict>
		<key>189EACB017A619AA00F87CD2</key>
		<dict>
			<key>fileRef</key>
			<string>189EACAF17A619AA00F87CD2</string>
			<key>isa</key>
			<string>PBXBuildFile</string>
		</dict>
		<key>189EACB117A619AA00F87CD2</key>
		<dict>
			<key>children</key>
			<array>
				<string>1815682518EE7EBA00CD9E12</string>
				<string>1815681E18EE7EA000CD9E12</string>
				<string>189EACEA17A61D4D00F87CD2</string>
				<string>189EACEB17A61D4D00F87CD2</string>
			</array>
			<key>isa</key>
			<string>PBXGroup</string>
			<key>path</key>
			<string>DMImageManager</string>
			<key>sourceTree</key>
			<string>&lt;group&gt;</string>
		</dict>
		<key>189EACC917A619AA00F87CD2</key>
		<dict>
			<key>buildSettings</key>
			<dict>
				<key>ALWAYS_SEARCH_USER_PATHS</key>
				<string>NO</string>
				<key>CLANG_CXX_LANGUAGE_STANDARD</key>
				<string>gnu++0x</string>
				<key>CLANG_CXX_LIBRARY</key>
				<string>libc++</string>
				<key>CLANG_ENABLE_OBJC_ARC</key>
				<string>YES</string>
				<key>CLANG_WARN_CONSTANT_CONVERSION</key>
				<string>YES</string>
				<key>CLANG_WARN_EMPTY_BODY</key>
				<string>YES</string>
				<key>CLANG_WARN_ENUM_CONVERSION</key>
				<string>YES</string>
				<key>CLANG_WARN_INT_CONVERSION</key>
				<string>YES</string>
				<key>CLANG_WARN__DUPLICATE_METHOD_MATCH</key>
				<string>YES</string>
				<key>CODE_SIGN_IDENTITY[sdk=iphoneos*]</key>
				<string>iPhone Developer</string>
				<key>COPY_PHASE_STRIP</key>
				<string>NO</string>
				<key>GCC_C_LANGUAGE_STANDARD</key>
				<string>gnu99</string>
				<key>GCC_DYNAMIC_NO_PIC</key>
				<string>NO</string>
				<key>GCC_OPTIMIZATION_LEVEL</key>
				<string>0</string>
				<key>GCC_PREPROCESSOR_DEFINITIONS</key>
				<array>
					<string>DEBUG=1</string>
					<string>$(inherited)</string>
				</array>
				<key>GCC_SYMBOLS_PRIVATE_EXTERN</key>
				<string>NO</string>
				<key>GCC_WARN_ABOUT_RETURN_TYPE</key>
				<string>YES</string>
				<key>GCC_WARN_UNINITIALIZED_AUTOS</key>
				<string>YES</string>
				<key>GCC_WARN_UNUSED_VARIABLE</key>
				<string>YES</string>
				<key>IPHONEOS_DEPLOYMENT_TARGET</key>
				<string>6.1</string>
				<key>ONLY_ACTIVE_ARCH</key>
				<string>YES</string>
				<key>SDKROOT</key>
				<string>iphoneos</string>
				<key>TARGETED_DEVICE_FAMILY</key>
				<string>2</string>
			</dict>
			<key>isa</key>
			<string>XCBuildConfiguration</string>
			<key>name</key>
			<string>Debug</string>
		</dict>
		<key>189EACCA17A619AA00F87CD2</key>
		<dict>
			<key>buildSettings</key>
			<dict>
				<key>ALWAYS_SEARCH_USER_PATHS</key>
				<string>NO</string>
				<key>CLANG_CXX_LANGUAGE_STANDARD</key>
				<string>gnu++0x</string>
				<key>CLANG_CXX_LIBRARY</key>
				<string>libc++</string>
				<key>CLANG_ENABLE_OBJC_ARC</key>
				<string>YES</string>
				<key>CLANG_WARN_CONSTANT_CONVERSION</key>
				<string>YES</string>
				<key>CLANG_WARN_EMPTY_BODY</key>
				<string>YES</string>
				<key>CLANG_WARN_ENUM_CONVERSION</key>
				<string>YES</string>
				<key>CLANG_WARN_INT_CONVERSION</key>
				<string>YES</string>
				<key>CLANG_WARN__DUPLICATE_METHOD_MATCH</key>
				<string>YES</string>
				<key>CODE_SIGN_IDENTITY[sdk=iphoneos*]</key>
				<string>iPhone Developer</string>
				<key>COPY_PHASE_STRIP</key>
				<string>YES</string>
				<key>GCC_C_LANGUAGE_STANDARD</key>
				<string>gnu99</string>
				<key>GCC_WARN_ABOUT_RETURN_TYPE</key>
				<string>YES</string>
				<key>GCC_WARN_UNINITIALIZED_AUTOS</key>
				<string>YES</string>
				<key>GCC_WARN_UNUSED_VARIABLE</key>
				<string>YES</string>
				<key>IPHONEOS_DEPLOYMENT_TARGET</key>
				<string>6.1</string>
				<key>OTHER_CFLAGS</key>
				<string>-DNS_BLOCK_ASSERTIONS=1</string>
				<key>SDKROOT</key>
				<string>iphoneos</string>
				<key>TARGETED_DEVICE_FAMILY</key>
				<string>2</string>
				<key>VALIDATE_PRODUCT</key>
				<string>YES</string>
			</dict>
			<key>isa</key>
			<string>XCBuildConfiguration</string>
			<key>name</key>
			<string>Release</string>
		</dict>
		<key>189EACCB17A619AA00F87CD2</key>
		<dict>
			<key>buildConfigurations</key>
			<array>
				<string>189EACCC17A619AA00F87CD2</string>
				<string>189EACCD17A619AA00F87CD2</string>
			</array>
			<key>defaultConfigurationIsVisible</key>
			<string>0</string>
			<key>defaultConfigurationName</key>
			<string>Release</string>
			<key>isa</key>
			<string>XCConfigurationList</string>
		</dict>
		<key>189EACCC17A619AA00F87CD2</key>
		<dict>
			<key>baseConfigurationReference</key>
			<string>10EF4FA1576840DEBC252B9C</string>
			<key>buildSettings</key>
			<dict>
				<key>GCC_PRECOMPILE_PREFIX_HEADER</key>
				<string>YES</string>
				<key>GCC_PREFIX_HEADER</key>
				<string>resources/DMImageManager-Prefix.pch</string>
				<key>INFOPLIST_FILE</key>
				<string>resources/DMImageManager-Info.plist</string>
				<key>IPHONEOS_DEPLOYMENT_TARGET</key>
				<string>6.0</string>
				<key>PRODUCT_NAME</key>
				<string>$(TARGET_NAME)</string>
				<key>TARGETED_DEVICE_FAMILY</key>
				<string>1,2</string>
				<key>WRAPPER_EXTENSION</key>
				<string>app</string>
			</dict>
			<key>isa</key>
			<string>XCBuildConfiguration</string>
			<key>name</key>
			<string>Debug</string>
		</dict>
		<key>189EACCD17A619AA00F87CD2</key>
		<dict>
			<key>baseConfigurationReference</key>
			<string>10EF4FA1576840DEBC252B9C</string>
			<key>buildSettings</key>
			<dict>
				<key>GCC_PRECOMPILE_PREFIX_HEADER</key>
				<string>YES</string>
				<key>GCC_PREFIX_HEADER</key>
				<string>resources/DMImageManager-Prefix.pch</string>
				<key>INFOPLIST_FILE</key>
				<string>resources/DMImageManager-Info.plist</string>
				<key>IPHONEOS_DEPLOYMENT_TARGET</key>
				<string>6.0</string>
				<key>PRODUCT_NAME</key>
				<string>$(TARGET_NAME)</string>
				<key>TARGETED_DEVICE_FAMILY</key>
				<string>1,2</string>
				<key>WRAPPER_EXTENSION</key>
				<string>app</string>
			</dict>
			<key>isa</key>
			<string>XCBuildConfiguration</string>
			<key>name</key>
			<string>Release</string>
		</dict>
		<key>189EACCE17A61A0E00F87CD2</key>
		<dict>
			<key>children</key>
			<array>
				<string>1822A36018AB74B1000F6AB8</string>
				<string>1822A35918AB746E000F6AB8</string>
				<string>1822A36418AB74C6000F6AB8</string>
				<string>189EACE617A61C4100F87CD2</string>
				<string>189EACF017A61F9500F87CD2</string>
			</array>
			<key>isa</key>
			<string>PBXGroup</string>
			<key>path</key>
			<string>classes</string>
			<key>sourceTree</key>
			<string>&lt;group&gt;</string>
		</dict>
		<key>189EACD717A61A4900F87CD2</key>
		<dict>
			<key>children</key>
			<array>
				<string>189EACD817A61A4900F87CD2</string>
				<string>189EACD917A61A4900F87CD2</string>
				<string>189EACDA17A61A4900F87CD2</string>
				<string>189EACDB17A61A4900F87CD2</string>
				<string>189EACDC17A61A4900F87CD2</string>
				<string>189EACDD17A61A4900F87CD2</string>
				<string>189EACDF17A61A4900F87CD2</string>
			</array>
			<key>isa</key>
			<string>PBXGroup</string>
			<key>path</key>
			<string>resources</string>
			<key>sourceTree</key>
			<string>&lt;group&gt;</string>
		</dict>
		<key>189EACD817A61A4900F87CD2</key>
		<dict>
			<key>isa</key>
			<string>PBXFileReference</string>
			<key>lastKnownFileType</key>
			<string>image.png</string>
			<key>path</key>
			<string>Default-568h@2x.png</string>
			<key>sourceTree</key>
			<string>&lt;group&gt;</string>
		</dict>
		<key>189EACD917A61A4900F87CD2</key>
		<dict>
			<key>isa</key>
			<string>PBXFileReference</string>
			<key>lastKnownFileType</key>
			<string>image.png</string>
			<key>path</key>
			<string>Default.png</string>
			<key>sourceTree</key>
			<string>&lt;group&gt;</string>
		</dict>
		<key>189EACDA17A61A4900F87CD2</key>
		<dict>
			<key>isa</key>
			<string>PBXFileReference</string>
			<key>lastKnownFileType</key>
			<string>image.png</string>
			<key>path</key>
			<string>Default@2x.png</string>
			<key>sourceTree</key>
			<string>&lt;group&gt;</string>
		</dict>
		<key>189EACDB17A61A4900F87CD2</key>
		<dict>
			<key>fileEncoding</key>
			<string>4</string>
			<key>isa</key>
			<string>PBXFileReference</string>
			<key>lastKnownFileType</key>
			<string>text.plist.xml</string>
			<key>path</key>
			<string>DMImageManager-Info.plist</string>
			<key>sourceTree</key>
			<string>&lt;group&gt;</string>
		</dict>
		<key>189EACDC17A61A4900F87CD2</key>
		<dict>
			<key>fileEncoding</key>
			<string>4</string>
			<key>isa</key>
			<string>PBXFileReference</string>
			<key>lastKnownFileType</key>
			<string>sourcecode.c.h</string>
			<key>path</key>
			<string>DMImageManager-Prefix.pch</string>
			<key>sourceTree</key>
			<string>&lt;group&gt;</string>
		</dict>
		<key>189EACDD17A61A4900F87CD2</key>
		<dict>
			<key>children</key>
			<array>
				<string>189EACDE17A61A4900F87CD2</string>
			</array>
			<key>isa</key>
			<string>PBXVariantGroup</string>
			<key>name</key>
			<string>InfoPlist.strings</string>
			<key>sourceTree</key>
			<string>&lt;group&gt;</string>
		</dict>
		<key>189EACDE17A61A4900F87CD2</key>
		<dict>
			<key>isa</key>
			<string>PBXFileReference</string>
			<key>lastKnownFileType</key>
			<string>text.plist.strings</string>
			<key>name</key>
			<string>en</string>
			<key>path</key>
			<string>en.lproj/InfoPlist.strings</string>
			<key>sourceTree</key>
			<string>&lt;group&gt;</string>
		</dict>
		<key>189EACDF17A61A4900F87CD2</key>
		<dict>
			<key>fileEncoding</key>
			<string>4</string>
			<key>isa</key>
			<string>PBXFileReference</string>
			<key>lastKnownFileType</key>
			<string>sourcecode.c.objc</string>
			<key>path</key>
			<string>main.m</string>
			<key>sourceTree</key>
			<string>&lt;group&gt;</string>
		</dict>
		<key>189EACE017A61A4900F87CD2</key>
		<dict>
			<key>fileRef</key>
			<string>189EACD817A61A4900F87CD2</string>
			<key>isa</key>
			<string>PBXBuildFile</string>
		</dict>
		<key>189EACE117A61A4900F87CD2</key>
		<dict>
			<key>fileRef</key>
			<string>189EACD917A61A4900F87CD2</string>
			<key>isa</key>
			<string>PBXBuildFile</string>
		</dict>
		<key>189EACE217A61A4900F87CD2</key>
		<dict>
			<key>fileRef</key>
			<string>189EACDA17A61A4900F87CD2</string>
			<key>isa</key>
			<string>PBXBuildFile</string>
		</dict>
		<key>189EACE417A61A4900F87CD2</key>
		<dict>
			<key>fileRef</key>
			<string>189EACDD17A61A4900F87CD2</string>
			<key>isa</key>
			<string>PBXBuildFile</string>
		</dict>
		<key>189EACE517A61A4900F87CD2</key>
		<dict>
			<key>fileRef</key>
			<string>189EACDF17A61A4900F87CD2</string>
			<key>isa</key>
			<string>PBXBuildFile</string>
		</dict>
		<key>189EACE617A61C4100F87CD2</key>
		<dict>
			<key>children</key>
			<array>
				<string>189EACE717A61C6B00F87CD2</string>
				<string>189EACE817A61C6B00F87CD2</string>
			</array>
			<key>isa</key>
			<string>PBXGroup</string>
			<key>path</key>
			<string>model</string>
			<key>sourceTree</key>
			<string>&lt;group&gt;</string>
		</dict>
		<key>189EACE717A61C6B00F87CD2</key>
		<dict>
			<key>fileEncoding</key>
			<string>4</string>
			<key>isa</key>
			<string>PBXFileReference</string>
			<key>lastKnownFileType</key>
			<string>sourcecode.c.h</string>
			<key>path</key>
			<string>AppModel.h</string>
			<key>sourceTree</key>
			<string>&lt;group&gt;</string>
		</dict>
		<key>189EACE817A61C6B00F87CD2</key>
		<dict>
			<key>fileEncoding</key>
			<string>4</string>
			<key>isa</key>
			<string>PBXFileReference</string>
			<key>lastKnownFileType</key>
			<string>sourcecode.c.objc</string>
			<key>path</key>
			<string>AppModel.m</string>
			<key>sourceTree</key>
			<string>&lt;group&gt;</string>
		</dict>
		<key>189EACE917A61C6B00F87CD2</key>
		<dict>
			<key>fileRef</key>
			<string>189EACE817A61C6B00F87CD2</string>
			<key>isa</key>
			<string>PBXBuildFile</string>
		</dict>
		<key>189EACEA17A61D4D00F87CD2</key>
		<dict>
			<key>fileEncoding</key>
			<string>4</string>
			<key>isa</key>
			<string>PBXFileReference</string>
			<key>lastKnownFileType</key>
			<string>sourcecode.c.h</string>
			<key>path</key>
			<string>DMImageManager.h</string>
			<key>sourceTree</key>
			<string>&lt;group&gt;</string>
		</dict>
		<key>189EACEB17A61D4D00F87CD2</key>
		<dict>
			<key>fileEncoding</key>
			<string>4</string>
			<key>isa</key>
			<string>PBXFileReference</string>
			<key>lastKnownFileType</key>
			<string>sourcecode.c.objc</string>
			<key>path</key>
			<string>DMImageManager.m</string>
			<key>sourceTree</key>
			<string>&lt;group&gt;</string>
		</dict>
		<key>189EACEE17A61D4D00F87CD2</key>
		<dict>
			<key>fileRef</key>
			<string>189EACEB17A61D4D00F87CD2</string>
			<key>isa</key>
			<string>PBXBuildFile</string>
		</dict>
		<key>189EACF017A61F9500F87CD2</key>
		<dict>
			<key>children</key>
			<array>
				<string>18A625C31804715E00E4CDE9</string>
			</array>
			<key>isa</key>
			<string>PBXGroup</string>
			<key>path</key>
			<string>vendors</string>
			<key>sourceTree</key>
			<string>&lt;group&gt;</string>
		</dict>
		<key>189EAD0E17A624A000F87CD2</key>
		<dict>
			<key>isa</key>
			<string>PBXFileReference</string>
			<key>lastKnownFileType</key>
			<string>wrapper.framework</string>
			<key>name</key>
			<string>MobileCoreServices.framework</string>
			<key>path</key>
			<string>System/Library/Frameworks/MobileCoreServices.framework</string>
			<key>sourceTree</key>
			<string>SDKROOT</string>
		</dict>
		<key>189EAD0F17A624A000F87CD2</key>
		<dict>
			<key>fileRef</key>
			<string>189EAD0E17A624A000F87CD2</string>
			<key>isa</key>
			<string>PBXBuildFile</string>
		</dict>
		<key>189EAD1017A624A500F87CD2</key>
		<dict>
			<key>isa</key>
			<string>PBXFileReference</string>
			<key>lastKnownFileType</key>
			<string>wrapper.framework</string>
			<key>name</key>
			<string>SystemConfiguration.framework</string>
			<key>path</key>
			<string>System/Library/Frameworks/SystemConfiguration.framework</string>
			<key>sourceTree</key>
			<string>SDKROOT</string>
		</dict>
		<key>189EAD1117A624A500F87CD2</key>
		<dict>
			<key>fileRef</key>
			<string>189EAD1017A624A500F87CD2</string>
			<key>isa</key>
			<string>PBXBuildFile</string>
		</dict>
		<key>18A625C31804715E00E4CDE9</key>
		<dict>
			<key>children</key>
			<array>
				<string>18A625C41804715E00E4CDE9</string>
				<string>18A625C51804715E00E4CDE9</string>
				<string>18A625C61804715E00E4CDE9</string>
				<string>18A625C71804715E00E4CDE9</string>
			</array>
			<key>isa</key>
			<string>PBXGroup</string>
			<key>path</key>
			<string>SSToolkit</string>
			<key>sourceTree</key>
			<string>&lt;group&gt;</string>
		</dict>
		<key>18A625C41804715E00E4CDE9</key>
		<dict>
			<key>fileEncoding</key>
			<string>4</string>
			<key>isa</key>
			<string>PBXFileReference</string>
			<key>lastKnownFileType</key>
			<string>sourcecode.c.h</string>
			<key>path</key>
			<string>SSDrawingUtilities.h</string>
			<key>sourceTree</key>
			<string>&lt;group&gt;</string>
		</dict>
		<key>18A625C51804715E00E4CDE9</key>
		<dict>
			<key>fileEncoding</key>
			<string>4</string>
			<key>isa</key>
			<string>PBXFileReference</string>
			<key>lastKnownFileType</key>
			<string>sourcecode.c.objc</string>
			<key>path</key>
			<string>SSDrawingUtilities.m</string>
			<key>sourceTree</key>
			<string>&lt;group&gt;</string>
		</dict>
		<key>18A625C61804715E00E4CDE9</key>
		<dict>
			<key>fileEncoding</key>
			<string>4</string>
			<key>isa</key>
			<string>PBXFileReference</string>
			<key>lastKnownFileType</key>
			<string>sourcecode.c.h</string>
			<key>path</key>
			<string>SSPieProgressView.h</string>
			<key>sourceTree</key>
			<string>&lt;group&gt;</string>
		</dict>
		<key>18A625C71804715E00E4CDE9</key>
		<dict>
			<key>fileEncoding</key>
			<string>4</string>
			<key>isa</key>
			<string>PBXFileReference</string>
			<key>lastKnownFileType</key>
			<string>sourcecode.c.objc</string>
			<key>path</key>
			<string>SSPieProgressView.m</string>
			<key>sourceTree</key>
			<string>&lt;group&gt;</string>
		</dict>
		<key>18A625C81804715E00E4CDE9</key>
		<dict>
			<key>fileRef</key>
			<string>18A625C51804715E00E4CDE9</string>
			<key>isa</key>
			<string>PBXBuildFile</string>
		</dict>
		<key>18A625C91804715E00E4CDE9</key>
		<dict>
			<key>fileRef</key>
			<string>18A625C71804715E00E4CDE9</string>
			<key>isa</key>
			<string>PBXBuildFile</string>
		</dict>
		<key>70480A5F39FC413998E3DB34</key>
		<dict>
			<key>buildActionMask</key>
			<string>2147483647</string>
			<key>files</key>
			<array/>
			<key>inputPaths</key>
			<array/>
			<key>isa</key>
			<string>PBXShellScriptBuildPhase</string>
			<key>name</key>
			<string>Copy Pods Resources</string>
			<key>outputPaths</key>
			<array/>
			<key>runOnlyForDeploymentPostprocessing</key>
			<string>0</string>
			<key>shellPath</key>
			<string>/bin/sh</string>
			<key>shellScript</key>
			<string>"${SRCROOT}/Pods/Pods-resources.sh"
</string>
			<key>showEnvVarsInLog</key>
			<string>0</string>
		</dict>
		<key>9396E9D8A15343D1AD41F132</key>
		<dict>
			<key>explicitFileType</key>
			<string>archive.ar</string>
			<key>includeInIndex</key>
			<string>0</string>
			<key>isa</key>
			<string>PBXFileReference</string>
			<key>path</key>
			<string>libPods.a</string>
			<key>sourceTree</key>
			<string>BUILT_PRODUCTS_DIR</string>
		</dict>
		<key>94C0EFA75E5249059884DBEF</key>
		<dict>
			<key>fileRef</key>
			<string>9396E9D8A15343D1AD41F132</string>
			<key>isa</key>
			<string>PBXBuildFile</string>
		</dict>
		<key>FAA6559ECB2B44EDB42904A4</key>
		<dict>
			<key>buildActionMask</key>
			<string>2147483647</string>
			<key>files</key>
			<array/>
			<key>inputPaths</key>
			<array/>
			<key>isa</key>
			<string>PBXShellScriptBuildPhase</string>
			<key>name</key>
			<string>Check Pods Manifest.lock</string>
			<key>outputPaths</key>
			<array/>
			<key>runOnlyForDeploymentPostprocessing</key>
			<string>0</string>
			<key>shellPath</key>
			<string>/bin/sh</string>
			<key>shellScript</key>
			<string>diff "${PODS_ROOT}/../Podfile.lock" "${PODS_ROOT}/Manifest.lock" &gt; /dev/null
if [[ $? != 0 ]] ; then
    cat &lt;&lt; EOM
error: The sandbox is not in sync with the Podfile.lock. Run 'pod install' or update your CocoaPods installation.
EOM
    exit 1
fi
</string>
			<key>showEnvVarsInLog</key>
			<string>0</string>
		</dict>
	</dict>
	<key>rootObject</key>
	<string>189EACA017A619AA00F87CD2</string>
</dict>
</plist>
